
Microsoft Visual Studio Solution File, Format Version 12.00
# Visual Studio 15
VisualStudioVersion = 15.0.26730.15
MinimumVisualStudioVersion = 10.0.40219.1
Project("{FAE04EC0-301F-11D3-BF4B-00C04F79EFBC}") = "PNPEngineImport", "PNPEngineImport\PNPEngineImport.csproj", "{B376CB60-FD76-437E-A18A-BE1615FDB9BE}"
EndProject
Global
	GlobalSection(SolutionConfigurationPlatforms) = preSolution
		Debug|Any CPU = Debug|Any CPU
		Release|Any CPU = Release|Any CPU
	EndGlobalSection
	GlobalSection(ProjectConfigurationPlatforms) = postSolution
		{B376CB60-FD76-437E-A18A-BE1615FDB9BE}.Debug|Any CPU.ActiveCfg = Debug|Any CPU
		{B376CB60-FD76-437E-A18A-BE1615FDB9BE}.Debug|Any CPU.Build.0 = Debug|Any CPU
		{B376CB60-FD76-437E-A18A-BE1615FDB9BE}.Release|Any CPU.ActiveCfg = Release|Any CPU
		{B376CB60-FD76-437E-A18A-BE1615FDB9BE}.Release|Any CPU.Build.0 = Release|Any CPU
	EndGlobalSection
	GlobalSection(SolutionProperties) = preSolution
		HideSolutionNode = FALSE
	EndGlobalSection
	GlobalSection(ExtensibilityGlobals) = postSolution
		SolutionGuid = {1468AFCE-04BB-470B-8E8D-F1E54B2CF2FB}
	EndGlobalSection
EndGlobal
